
Microsoft Visual Studio Solution File, Format Version 12.00
# Visual Studio 2013
VisualStudioVersion = 12.0.31101.0
MinimumVisualStudioVersion = 10.0.40219.1
Project("{FAE04EC0-301F-11D3-BF4B-00C04F79EFBC}") = "Utilities", "Utilities\Utilities.csproj", "{C6A91A95-8386-4705-BBE8-84BE6C7127CE}"
EndProject
Project("{FAE04EC0-301F-11D3-BF4B-00C04F79EFBC}") = "EnvironmentInfoProviders", "EnvironmentInfoProviders\EnvironmentInfoProviders.csproj", "{E85000BF-D1E4-43AC-9993-C5B2B76F2C26}"
EndProject
Project("{FAE04EC0-301F-11D3-BF4B-00C04F79EFBC}") = "CF.API.Objects", "CF.API.Objects\CF.API.Objects.csproj", "{849F25FE-B8BC-4A1D-B86E-EDE4888BD38F}"
EndProject
Project("{2150E333-8FDC-42A3-9474-1A3956D46DE8}") = "Certificates", "Certificates", "{B02F684D-33CA-4E84-B4FC-3D2C3A6073CD}"
	ProjectSection(SolutionItems) = preProject
		Certificates\Key.pfx = Certificates\Key.pfx
	EndProjectSection
EndProject
Project("{2150E333-8FDC-42A3-9474-1A3956D46DE8}") = "NuGet-Specs", "NuGet-Specs", "{90439AED-26CE-4C06-9332-1EED416A1985}"
	ProjectSection(SolutionItems) = preProject
		NuGet-Specs\CF.API.Objects.nuspec = NuGet-Specs\CF.API.Objects.nuspec
		NuGet-Specs\CustomXdtTransforms.nuspec = NuGet-Specs\CustomXdtTransforms.nuspec
		NuGet-Specs\EnvironmentInfoProviders.nuspec = NuGet-Specs\EnvironmentInfoProviders.nuspec
		NuGet-Specs\Utilities.nuspec = NuGet-Specs\Utilities.nuspec
	EndProjectSection
EndProject
Project("{2150E333-8FDC-42A3-9474-1A3956D46DE8}") = ".nuget", ".nuget", "{632AC5EB-920B-4578-8064-28A070069DBB}"
	ProjectSection(SolutionItems) = preProject
		.nuget\nuget.config = .nuget\nuget.config
	EndProjectSection
EndProject
Project("{FAE04EC0-301F-11D3-BF4B-00C04F79EFBC}") = "WixSetupNuGetCollector", "WixSetupNuGetCollector\WixSetupNuGetCollector.csproj", "{CBC35968-F99D-420B-97AE-8C621B4287E7}"
EndProject
Project("{FAE04EC0-301F-11D3-BF4B-00C04F79EFBC}") = "Utilities.Cryptography", "Utilities.Cryptography\Utilities.Cryptography.csproj", "{63ECFA2A-1F3F-45A5-B988-89053A7DB82B}"
EndProject
Project("{FAE04EC0-301F-11D3-BF4B-00C04F79EFBC}") = "CustomXdtTransforms", "CustomXdtTransforms\CustomXdtTransforms.csproj", "{0D206D5D-2A74-436B-9F3C-241D9B1C018C}"
EndProject
Project("{2150E333-8FDC-42A3-9474-1A3956D46DE8}") = "Tests", "Tests", "{40A6344E-E249-48F9-9672-AC5B43F471F5}"
EndProject
Project("{FAE04EC0-301F-11D3-BF4B-00C04F79EFBC}") = "Utilities.Cryptography.Tests", "Utilities.Cryptography.Tests\Utilities.Cryptography.Tests.csproj", "{C4E544AD-AF39-4721-930E-934780AB728B}"
EndProject
Project("{FAE04EC0-301F-11D3-BF4B-00C04F79EFBC}") = "CustomXdtTransforms.Tests", "CustomXdtTransforms.Tests\CustomXdtTransforms.Tests.csproj", "{0C3D31FF-D230-4ED3-80EC-EFBA9F6352A4}"
EndProject
Project("{FAE04EC0-301F-11D3-BF4B-00C04F79EFBC}") = "EnvironmentInfoProviders.Tests", "EnvironmentInfoProviders.Tests\EnvironmentInfoProviders.Tests.csproj", "{F80D65AD-875C-4B83-8E4C-2E204759AF5D}"
EndProject
Project("{FAE04EC0-301F-11D3-BF4B-00C04F79EFBC}") = "Utilities.Tests", "Utilities.Tests\Utilities.Tests.csproj", "{64847D7E-694E-48EB-8077-0095A82C24D3}"
EndProject
Global
	GlobalSection(TeamFoundationVersionControl) = preSolution
		SccNumberOfProjects = 11
		SccEnterpriseProvider = {4CA58AB2-18FA-4F8D-95D4-32DDF27D184C}
		SccTeamFoundationServer = http://s-nash01:8080/tfs/capcontrolsprojects
		SccLocalPath0 = .
		SccProjectUniqueName1 = Utilities\\Utilities.csproj
		SccProjectName1 = Utilities
		SccLocalPath1 = Utilities
		SccProjectUniqueName2 = EnvironmentInfoProviders\\EnvironmentInfoProviders.csproj
		SccProjectName2 = EnvironmentInfoProviders
		SccLocalPath2 = EnvironmentInfoProviders
		SccProjectUniqueName3 = CF.API.Objects\\CF.API.Objects.csproj
		SccProjectName3 = CF.API.Objects
		SccLocalPath3 = CF.API.Objects
		SccProjectUniqueName4 = WixSetupNuGetCollector\\WixSetupNuGetCollector.csproj
		SccProjectName4 = WixSetupNuGetCollector
		SccLocalPath4 = WixSetupNuGetCollector
		SccProjectUniqueName5 = Utilities.Cryptography\\Utilities.Cryptography.csproj
		SccProjectName5 = Utilities.Cryptography
		SccLocalPath5 = Utilities.Cryptography
		SccProjectUniqueName6 = CustomXdtTransforms\\CustomXdtTransforms.csproj
		SccProjectName6 = CustomXdtTransforms
		SccLocalPath6 = CustomXdtTransforms
		SccProjectUniqueName7 = Utilities.Cryptography.Tests\\Utilities.Cryptography.Tests.csproj
		SccProjectTopLevelParentUniqueName7 = CCC.sln
		SccProjectName7 = Utilities.Cryptography.Tests
		SccLocalPath7 = Utilities.Cryptography.Tests
		SccProjectUniqueName8 = CustomXdtTransforms.Tests\\CustomXdtTransforms.Tests.csproj
		SccProjectTopLevelParentUniqueName8 = CCC.sln
		SccProjectName8 = CustomXdtTransforms.Tests
		SccLocalPath8 = CustomXdtTransforms.Tests
		SccProjectUniqueName9 = EnvironmentInfoProviders.Tests\\EnvironmentInfoProviders.Tests.csproj
		SccProjectTopLevelParentUniqueName9 = CCC.sln
		SccProjectName9 = EnvironmentInfoProviders.Tests
		SccLocalPath9 = EnvironmentInfoProviders.Tests
		SccProjectUniqueName10 = Utilities.Tests\\Utilities.Tests.csproj
		SccProjectTopLevelParentUniqueName10 = CCC.sln
		SccProjectName10 = Utilities.Tests
		SccLocalPath10 = Utilities.Tests
	EndGlobalSection
	GlobalSection(SolutionConfigurationPlatforms) = preSolution
		Debug|Any CPU = Debug|Any CPU
		Debug|Mixed Platforms = Debug|Mixed Platforms
		Debug|x86 = Debug|x86
		Google|Any CPU = Google|Any CPU
		Google|Mixed Platforms = Google|Mixed Platforms
		Google|x86 = Google|x86
		QA|Any CPU = QA|Any CPU
		QA|Mixed Platforms = QA|Mixed Platforms
		QA|x86 = QA|x86
		Release|Any CPU = Release|Any CPU
		Release|Mixed Platforms = Release|Mixed Platforms
		Release|x86 = Release|x86
	EndGlobalSection
	GlobalSection(ProjectConfigurationPlatforms) = postSolution
		{C6A91A95-8386-4705-BBE8-84BE6C7127CE}.Debug|Any CPU.ActiveCfg = Debug|Any CPU
		{C6A91A95-8386-4705-BBE8-84BE6C7127CE}.Debug|Any CPU.Build.0 = Debug|Any CPU
		{C6A91A95-8386-4705-BBE8-84BE6C7127CE}.Debug|Mixed Platforms.ActiveCfg = Debug|Any CPU
		{C6A91A95-8386-4705-BBE8-84BE6C7127CE}.Debug|Mixed Platforms.Build.0 = Debug|Any CPU
		{C6A91A95-8386-4705-BBE8-84BE6C7127CE}.Debug|x86.ActiveCfg = Debug|Any CPU
		{C6A91A95-8386-4705-BBE8-84BE6C7127CE}.Google|Any CPU.ActiveCfg = Google|Any CPU
		{C6A91A95-8386-4705-BBE8-84BE6C7127CE}.Google|Any CPU.Build.0 = Google|Any CPU
		{C6A91A95-8386-4705-BBE8-84BE6C7127CE}.Google|Mixed Platforms.ActiveCfg = Google|Any CPU
		{C6A91A95-8386-4705-BBE8-84BE6C7127CE}.Google|Mixed Platforms.Build.0 = Google|Any CPU
		{C6A91A95-8386-4705-BBE8-84BE6C7127CE}.Google|x86.ActiveCfg = Google|Any CPU
		{C6A91A95-8386-4705-BBE8-84BE6C7127CE}.QA|Any CPU.ActiveCfg = QA|Any CPU
		{C6A91A95-8386-4705-BBE8-84BE6C7127CE}.QA|Any CPU.Build.0 = QA|Any CPU
		{C6A91A95-8386-4705-BBE8-84BE6C7127CE}.QA|Mixed Platforms.ActiveCfg = QA|Any CPU
		{C6A91A95-8386-4705-BBE8-84BE6C7127CE}.QA|Mixed Platforms.Build.0 = QA|Any CPU
		{C6A91A95-8386-4705-BBE8-84BE6C7127CE}.QA|x86.ActiveCfg = QA|Any CPU
		{C6A91A95-8386-4705-BBE8-84BE6C7127CE}.Release|Any CPU.ActiveCfg = Release|Any CPU
		{C6A91A95-8386-4705-BBE8-84BE6C7127CE}.Release|Any CPU.Build.0 = Release|Any CPU
		{C6A91A95-8386-4705-BBE8-84BE6C7127CE}.Release|Mixed Platforms.ActiveCfg = Release|Any CPU
		{C6A91A95-8386-4705-BBE8-84BE6C7127CE}.Release|Mixed Platforms.Build.0 = Release|Any CPU
		{C6A91A95-8386-4705-BBE8-84BE6C7127CE}.Release|x86.ActiveCfg = Release|Any CPU
		{E85000BF-D1E4-43AC-9993-C5B2B76F2C26}.Debug|Any CPU.ActiveCfg = Debug|Any CPU
		{E85000BF-D1E4-43AC-9993-C5B2B76F2C26}.Debug|Any CPU.Build.0 = Debug|Any CPU
		{E85000BF-D1E4-43AC-9993-C5B2B76F2C26}.Debug|Mixed Platforms.ActiveCfg = Debug|Any CPU
		{E85000BF-D1E4-43AC-9993-C5B2B76F2C26}.Debug|Mixed Platforms.Build.0 = Debug|Any CPU
		{E85000BF-D1E4-43AC-9993-C5B2B76F2C26}.Debug|x86.ActiveCfg = Debug|Any CPU
		{E85000BF-D1E4-43AC-9993-C5B2B76F2C26}.Google|Any CPU.ActiveCfg = Google|Any CPU
		{E85000BF-D1E4-43AC-9993-C5B2B76F2C26}.Google|Any CPU.Build.0 = Google|Any CPU
		{E85000BF-D1E4-43AC-9993-C5B2B76F2C26}.Google|Mixed Platforms.ActiveCfg = Google|Any CPU
		{E85000BF-D1E4-43AC-9993-C5B2B76F2C26}.Google|Mixed Platforms.Build.0 = Google|Any CPU
		{E85000BF-D1E4-43AC-9993-C5B2B76F2C26}.Google|x86.ActiveCfg = Google|Any CPU
		{E85000BF-D1E4-43AC-9993-C5B2B76F2C26}.QA|Any CPU.ActiveCfg = QA|Any CPU
		{E85000BF-D1E4-43AC-9993-C5B2B76F2C26}.QA|Any CPU.Build.0 = QA|Any CPU
		{E85000BF-D1E4-43AC-9993-C5B2B76F2C26}.QA|Mixed Platforms.ActiveCfg = QA|Any CPU
		{E85000BF-D1E4-43AC-9993-C5B2B76F2C26}.QA|Mixed Platforms.Build.0 = QA|Any CPU
		{E85000BF-D1E4-43AC-9993-C5B2B76F2C26}.QA|x86.ActiveCfg = QA|Any CPU
		{E85000BF-D1E4-43AC-9993-C5B2B76F2C26}.Release|Any CPU.ActiveCfg = Release|Any CPU
		{E85000BF-D1E4-43AC-9993-C5B2B76F2C26}.Release|Any CPU.Build.0 = Release|Any CPU
		{E85000BF-D1E4-43AC-9993-C5B2B76F2C26}.Release|Mixed Platforms.ActiveCfg = Release|Any CPU
		{E85000BF-D1E4-43AC-9993-C5B2B76F2C26}.Release|Mixed Platforms.Build.0 = Release|Any CPU
		{E85000BF-D1E4-43AC-9993-C5B2B76F2C26}.Release|x86.ActiveCfg = Release|Any CPU
		{849F25FE-B8BC-4A1D-B86E-EDE4888BD38F}.Debug|Any CPU.ActiveCfg = Debug|Any CPU
		{849F25FE-B8BC-4A1D-B86E-EDE4888BD38F}.Debug|Any CPU.Build.0 = Debug|Any CPU
		{849F25FE-B8BC-4A1D-B86E-EDE4888BD38F}.Debug|Mixed Platforms.ActiveCfg = Debug|Any CPU
		{849F25FE-B8BC-4A1D-B86E-EDE4888BD38F}.Debug|Mixed Platforms.Build.0 = Debug|Any CPU
		{849F25FE-B8BC-4A1D-B86E-EDE4888BD38F}.Debug|x86.ActiveCfg = Debug|Any CPU
		{849F25FE-B8BC-4A1D-B86E-EDE4888BD38F}.Google|Any CPU.ActiveCfg = Google|Any CPU
		{849F25FE-B8BC-4A1D-B86E-EDE4888BD38F}.Google|Any CPU.Build.0 = Google|Any CPU
		{849F25FE-B8BC-4A1D-B86E-EDE4888BD38F}.Google|Mixed Platforms.ActiveCfg = Google|Any CPU
		{849F25FE-B8BC-4A1D-B86E-EDE4888BD38F}.Google|Mixed Platforms.Build.0 = Google|Any CPU
		{849F25FE-B8BC-4A1D-B86E-EDE4888BD38F}.Google|x86.ActiveCfg = Google|Any CPU
		{849F25FE-B8BC-4A1D-B86E-EDE4888BD38F}.QA|Any CPU.ActiveCfg = QA|Any CPU
		{849F25FE-B8BC-4A1D-B86E-EDE4888BD38F}.QA|Any CPU.Build.0 = QA|Any CPU
		{849F25FE-B8BC-4A1D-B86E-EDE4888BD38F}.QA|Mixed Platforms.ActiveCfg = QA|Any CPU
		{849F25FE-B8BC-4A1D-B86E-EDE4888BD38F}.QA|Mixed Platforms.Build.0 = QA|Any CPU
		{849F25FE-B8BC-4A1D-B86E-EDE4888BD38F}.QA|x86.ActiveCfg = QA|Any CPU
		{849F25FE-B8BC-4A1D-B86E-EDE4888BD38F}.Release|Any CPU.ActiveCfg = Release|Any CPU
		{849F25FE-B8BC-4A1D-B86E-EDE4888BD38F}.Release|Any CPU.Build.0 = Release|Any CPU
		{849F25FE-B8BC-4A1D-B86E-EDE4888BD38F}.Release|Mixed Platforms.ActiveCfg = Release|Any CPU
		{849F25FE-B8BC-4A1D-B86E-EDE4888BD38F}.Release|Mixed Platforms.Build.0 = Release|Any CPU
		{849F25FE-B8BC-4A1D-B86E-EDE4888BD38F}.Release|x86.ActiveCfg = Release|Any CPU
		{CBC35968-F99D-420B-97AE-8C621B4287E7}.Debug|Any CPU.ActiveCfg = QA|Any CPU
		{CBC35968-F99D-420B-97AE-8C621B4287E7}.Debug|Any CPU.Build.0 = QA|Any CPU
		{CBC35968-F99D-420B-97AE-8C621B4287E7}.Debug|Mixed Platforms.ActiveCfg = QA|Any CPU
		{CBC35968-F99D-420B-97AE-8C621B4287E7}.Debug|Mixed Platforms.Build.0 = QA|Any CPU
		{CBC35968-F99D-420B-97AE-8C621B4287E7}.Debug|x86.ActiveCfg = QA|Any CPU
		{CBC35968-F99D-420B-97AE-8C621B4287E7}.Google|Any CPU.ActiveCfg = Google|Any CPU
		{CBC35968-F99D-420B-97AE-8C621B4287E7}.Google|Any CPU.Build.0 = Google|Any CPU
		{CBC35968-F99D-420B-97AE-8C621B4287E7}.Google|Mixed Platforms.ActiveCfg = Google|Any CPU
		{CBC35968-F99D-420B-97AE-8C621B4287E7}.Google|Mixed Platforms.Build.0 = Google|Any CPU
		{CBC35968-F99D-420B-97AE-8C621B4287E7}.Google|x86.ActiveCfg = Google|Any CPU
		{CBC35968-F99D-420B-97AE-8C621B4287E7}.QA|Any CPU.ActiveCfg = QA|Any CPU
		{CBC35968-F99D-420B-97AE-8C621B4287E7}.QA|Any CPU.Build.0 = QA|Any CPU
		{CBC35968-F99D-420B-97AE-8C621B4287E7}.QA|Mixed Platforms.ActiveCfg = QA|Any CPU
		{CBC35968-F99D-420B-97AE-8C621B4287E7}.QA|Mixed Platforms.Build.0 = QA|Any CPU
		{CBC35968-F99D-420B-97AE-8C621B4287E7}.QA|x86.ActiveCfg = QA|Any CPU
		{CBC35968-F99D-420B-97AE-8C621B4287E7}.Release|Any CPU.ActiveCfg = QA|Any CPU
		{CBC35968-F99D-420B-97AE-8C621B4287E7}.Release|Any CPU.Build.0 = QA|Any CPU
		{CBC35968-F99D-420B-97AE-8C621B4287E7}.Release|Mixed Platforms.ActiveCfg = QA|Any CPU
		{CBC35968-F99D-420B-97AE-8C621B4287E7}.Release|Mixed Platforms.Build.0 = QA|Any CPU
		{CBC35968-F99D-420B-97AE-8C621B4287E7}.Release|x86.ActiveCfg = QA|Any CPU
		{63ECFA2A-1F3F-45A5-B988-89053A7DB82B}.Debug|Any CPU.ActiveCfg = Debug|Any CPU
		{63ECFA2A-1F3F-45A5-B988-89053A7DB82B}.Debug|Any CPU.Build.0 = Debug|Any CPU
		{63ECFA2A-1F3F-45A5-B988-89053A7DB82B}.Debug|Mixed Platforms.ActiveCfg = Debug|Any CPU
		{63ECFA2A-1F3F-45A5-B988-89053A7DB82B}.Debug|Mixed Platforms.Build.0 = Debug|Any CPU
		{63ECFA2A-1F3F-45A5-B988-89053A7DB82B}.Debug|x86.ActiveCfg = Debug|Any CPU
		{63ECFA2A-1F3F-45A5-B988-89053A7DB82B}.Google|Any CPU.ActiveCfg = Google|Any CPU
		{63ECFA2A-1F3F-45A5-B988-89053A7DB82B}.Google|Any CPU.Build.0 = Google|Any CPU
		{63ECFA2A-1F3F-45A5-B988-89053A7DB82B}.Google|Mixed Platforms.ActiveCfg = Google|Any CPU
		{63ECFA2A-1F3F-45A5-B988-89053A7DB82B}.Google|Mixed Platforms.Build.0 = Google|Any CPU
		{63ECFA2A-1F3F-45A5-B988-89053A7DB82B}.Google|x86.ActiveCfg = Google|Any CPU
		{63ECFA2A-1F3F-45A5-B988-89053A7DB82B}.QA|Any CPU.ActiveCfg = QA|Any CPU
		{63ECFA2A-1F3F-45A5-B988-89053A7DB82B}.QA|Any CPU.Build.0 = QA|Any CPU
		{63ECFA2A-1F3F-45A5-B988-89053A7DB82B}.QA|Mixed Platforms.ActiveCfg = QA|Any CPU
		{63ECFA2A-1F3F-45A5-B988-89053A7DB82B}.QA|Mixed Platforms.Build.0 = QA|Any CPU
		{63ECFA2A-1F3F-45A5-B988-89053A7DB82B}.QA|x86.ActiveCfg = QA|Any CPU
		{63ECFA2A-1F3F-45A5-B988-89053A7DB82B}.Release|Any CPU.ActiveCfg = Release|Any CPU
		{63ECFA2A-1F3F-45A5-B988-89053A7DB82B}.Release|Any CPU.Build.0 = Release|Any CPU
		{63ECFA2A-1F3F-45A5-B988-89053A7DB82B}.Release|Mixed Platforms.ActiveCfg = Release|Any CPU
		{63ECFA2A-1F3F-45A5-B988-89053A7DB82B}.Release|Mixed Platforms.Build.0 = Release|Any CPU
		{63ECFA2A-1F3F-45A5-B988-89053A7DB82B}.Release|x86.ActiveCfg = Release|Any CPU
		{0D206D5D-2A74-436B-9F3C-241D9B1C018C}.Debug|Any CPU.ActiveCfg = Debug|Any CPU
		{0D206D5D-2A74-436B-9F3C-241D9B1C018C}.Debug|Any CPU.Build.0 = Debug|Any CPU
		{0D206D5D-2A74-436B-9F3C-241D9B1C018C}.Debug|Mixed Platforms.ActiveCfg = Debug|Any CPU
		{0D206D5D-2A74-436B-9F3C-241D9B1C018C}.Debug|Mixed Platforms.Build.0 = Debug|Any CPU
		{0D206D5D-2A74-436B-9F3C-241D9B1C018C}.Debug|x86.ActiveCfg = Debug|Any CPU
		{0D206D5D-2A74-436B-9F3C-241D9B1C018C}.Google|Any CPU.ActiveCfg = Google|Any CPU
		{0D206D5D-2A74-436B-9F3C-241D9B1C018C}.Google|Any CPU.Build.0 = Google|Any CPU
		{0D206D5D-2A74-436B-9F3C-241D9B1C018C}.Google|Mixed Platforms.ActiveCfg = Google|Any CPU
		{0D206D5D-2A74-436B-9F3C-241D9B1C018C}.Google|Mixed Platforms.Build.0 = Google|Any CPU
		{0D206D5D-2A74-436B-9F3C-241D9B1C018C}.Google|x86.ActiveCfg = Google|Any CPU
		{0D206D5D-2A74-436B-9F3C-241D9B1C018C}.QA|Any CPU.ActiveCfg = QA|Any CPU
		{0D206D5D-2A74-436B-9F3C-241D9B1C018C}.QA|Any CPU.Build.0 = QA|Any CPU
		{0D206D5D-2A74-436B-9F3C-241D9B1C018C}.QA|Mixed Platforms.ActiveCfg = QA|Any CPU
		{0D206D5D-2A74-436B-9F3C-241D9B1C018C}.QA|Mixed Platforms.Build.0 = QA|Any CPU
		{0D206D5D-2A74-436B-9F3C-241D9B1C018C}.QA|x86.ActiveCfg = QA|Any CPU
		{0D206D5D-2A74-436B-9F3C-241D9B1C018C}.Release|Any CPU.ActiveCfg = Release|Any CPU
		{0D206D5D-2A74-436B-9F3C-241D9B1C018C}.Release|Any CPU.Build.0 = Release|Any CPU
		{0D206D5D-2A74-436B-9F3C-241D9B1C018C}.Release|Mixed Platforms.ActiveCfg = Release|Any CPU
		{0D206D5D-2A74-436B-9F3C-241D9B1C018C}.Release|Mixed Platforms.Build.0 = Release|Any CPU
		{0D206D5D-2A74-436B-9F3C-241D9B1C018C}.Release|x86.ActiveCfg = Release|Any CPU
		{C4E544AD-AF39-4721-930E-934780AB728B}.Debug|Any CPU.ActiveCfg = Debug|Any CPU
		{C4E544AD-AF39-4721-930E-934780AB728B}.Debug|Any CPU.Build.0 = Debug|Any CPU
		{C4E544AD-AF39-4721-930E-934780AB728B}.Debug|Mixed Platforms.ActiveCfg = Debug|Any CPU
		{C4E544AD-AF39-4721-930E-934780AB728B}.Debug|Mixed Platforms.Build.0 = Debug|Any CPU
		{C4E544AD-AF39-4721-930E-934780AB728B}.Debug|x86.ActiveCfg = Debug|Any CPU
		{C4E544AD-AF39-4721-930E-934780AB728B}.Google|Any CPU.ActiveCfg = Google|Any CPU
		{C4E544AD-AF39-4721-930E-934780AB728B}.Google|Any CPU.Build.0 = Google|Any CPU
		{C4E544AD-AF39-4721-930E-934780AB728B}.Google|Mixed Platforms.ActiveCfg = Google|Any CPU
		{C4E544AD-AF39-4721-930E-934780AB728B}.Google|Mixed Platforms.Build.0 = Google|Any CPU
		{C4E544AD-AF39-4721-930E-934780AB728B}.Google|x86.ActiveCfg = Google|Any CPU
		{C4E544AD-AF39-4721-930E-934780AB728B}.QA|Any CPU.ActiveCfg = QA|Any CPU
		{C4E544AD-AF39-4721-930E-934780AB728B}.QA|Any CPU.Build.0 = QA|Any CPU
		{C4E544AD-AF39-4721-930E-934780AB728B}.QA|Mixed Platforms.ActiveCfg = QA|Any CPU
		{C4E544AD-AF39-4721-930E-934780AB728B}.QA|Mixed Platforms.Build.0 = QA|Any CPU
		{C4E544AD-AF39-4721-930E-934780AB728B}.QA|x86.ActiveCfg = QA|Any CPU
		{C4E544AD-AF39-4721-930E-934780AB728B}.Release|Any CPU.ActiveCfg = Release|Any CPU
		{C4E544AD-AF39-4721-930E-934780AB728B}.Release|Any CPU.Build.0 = Release|Any CPU
		{C4E544AD-AF39-4721-930E-934780AB728B}.Release|Mixed Platforms.ActiveCfg = Release|Any CPU
		{C4E544AD-AF39-4721-930E-934780AB728B}.Release|Mixed Platforms.Build.0 = Release|Any CPU
		{C4E544AD-AF39-4721-930E-934780AB728B}.Release|x86.ActiveCfg = Release|Any CPU
		{0C3D31FF-D230-4ED3-80EC-EFBA9F6352A4}.Debug|Any CPU.ActiveCfg = Debug|Any CPU
		{0C3D31FF-D230-4ED3-80EC-EFBA9F6352A4}.Debug|Any CPU.Build.0 = Debug|Any CPU
		{0C3D31FF-D230-4ED3-80EC-EFBA9F6352A4}.Debug|Mixed Platforms.ActiveCfg = Debug|Any CPU
		{0C3D31FF-D230-4ED3-80EC-EFBA9F6352A4}.Debug|Mixed Platforms.Build.0 = Debug|Any CPU
		{0C3D31FF-D230-4ED3-80EC-EFBA9F6352A4}.Debug|x86.ActiveCfg = Debug|Any CPU
		{0C3D31FF-D230-4ED3-80EC-EFBA9F6352A4}.Google|Any CPU.ActiveCfg = Google|Any CPU
		{0C3D31FF-D230-4ED3-80EC-EFBA9F6352A4}.Google|Any CPU.Build.0 = Google|Any CPU
		{0C3D31FF-D230-4ED3-80EC-EFBA9F6352A4}.Google|Mixed Platforms.ActiveCfg = Google|Any CPU
		{0C3D31FF-D230-4ED3-80EC-EFBA9F6352A4}.Google|Mixed Platforms.Build.0 = Google|Any CPU
		{0C3D31FF-D230-4ED3-80EC-EFBA9F6352A4}.Google|x86.ActiveCfg = Google|Any CPU
		{0C3D31FF-D230-4ED3-80EC-EFBA9F6352A4}.QA|Any CPU.ActiveCfg = QA|Any CPU
		{0C3D31FF-D230-4ED3-80EC-EFBA9F6352A4}.QA|Any CPU.Build.0 = QA|Any CPU
		{0C3D31FF-D230-4ED3-80EC-EFBA9F6352A4}.QA|Mixed Platforms.ActiveCfg = QA|Any CPU
		{0C3D31FF-D230-4ED3-80EC-EFBA9F6352A4}.QA|Mixed Platforms.Build.0 = QA|Any CPU
		{0C3D31FF-D230-4ED3-80EC-EFBA9F6352A4}.QA|x86.ActiveCfg = QA|Any CPU
		{0C3D31FF-D230-4ED3-80EC-EFBA9F6352A4}.Release|Any CPU.ActiveCfg = Release|Any CPU
		{0C3D31FF-D230-4ED3-80EC-EFBA9F6352A4}.Release|Any CPU.Build.0 = Release|Any CPU
		{0C3D31FF-D230-4ED3-80EC-EFBA9F6352A4}.Release|Mixed Platforms.ActiveCfg = Release|Any CPU
		{0C3D31FF-D230-4ED3-80EC-EFBA9F6352A4}.Release|Mixed Platforms.Build.0 = Release|Any CPU
		{0C3D31FF-D230-4ED3-80EC-EFBA9F6352A4}.Release|x86.ActiveCfg = Release|Any CPU
		{F80D65AD-875C-4B83-8E4C-2E204759AF5D}.Debug|Any CPU.ActiveCfg = Debug|Any CPU
		{F80D65AD-875C-4B83-8E4C-2E204759AF5D}.Debug|Any CPU.Build.0 = Debug|Any CPU
		{F80D65AD-875C-4B83-8E4C-2E204759AF5D}.Debug|Mixed Platforms.ActiveCfg = Debug|Any CPU
		{F80D65AD-875C-4B83-8E4C-2E204759AF5D}.Debug|Mixed Platforms.Build.0 = Debug|Any CPU
		{F80D65AD-875C-4B83-8E4C-2E204759AF5D}.Debug|x86.ActiveCfg = Debug|Any CPU
		{F80D65AD-875C-4B83-8E4C-2E204759AF5D}.Google|Any CPU.ActiveCfg = Google|Any CPU
		{F80D65AD-875C-4B83-8E4C-2E204759AF5D}.Google|Any CPU.Build.0 = Google|Any CPU
		{F80D65AD-875C-4B83-8E4C-2E204759AF5D}.Google|Mixed Platforms.ActiveCfg = Google|Any CPU
		{F80D65AD-875C-4B83-8E4C-2E204759AF5D}.Google|Mixed Platforms.Build.0 = Google|Any CPU
		{F80D65AD-875C-4B83-8E4C-2E204759AF5D}.Google|x86.ActiveCfg = Google|Any CPU
		{F80D65AD-875C-4B83-8E4C-2E204759AF5D}.QA|Any CPU.ActiveCfg = QA|Any CPU
		{F80D65AD-875C-4B83-8E4C-2E204759AF5D}.QA|Any CPU.Build.0 = QA|Any CPU
		{F80D65AD-875C-4B83-8E4C-2E204759AF5D}.QA|Mixed Platforms.ActiveCfg = QA|Any CPU
		{F80D65AD-875C-4B83-8E4C-2E204759AF5D}.QA|Mixed Platforms.Build.0 = QA|Any CPU
		{F80D65AD-875C-4B83-8E4C-2E204759AF5D}.QA|x86.ActiveCfg = QA|Any CPU
		{F80D65AD-875C-4B83-8E4C-2E204759AF5D}.Release|Any CPU.ActiveCfg = Release|Any CPU
		{F80D65AD-875C-4B83-8E4C-2E204759AF5D}.Release|Any CPU.Build.0 = Release|Any CPU
		{F80D65AD-875C-4B83-8E4C-2E204759AF5D}.Release|Mixed Platforms.ActiveCfg = Release|Any CPU
		{F80D65AD-875C-4B83-8E4C-2E204759AF5D}.Release|Mixed Platforms.Build.0 = Release|Any CPU
		{F80D65AD-875C-4B83-8E4C-2E204759AF5D}.Release|x86.ActiveCfg = Release|Any CPU
		{64847D7E-694E-48EB-8077-0095A82C24D3}.Debug|Any CPU.ActiveCfg = Debug|Any CPU
		{64847D7E-694E-48EB-8077-0095A82C24D3}.Debug|Any CPU.Build.0 = Debug|Any CPU
		{64847D7E-694E-48EB-8077-0095A82C24D3}.Debug|Mixed Platforms.ActiveCfg = Debug|Any CPU
		{64847D7E-694E-48EB-8077-0095A82C24D3}.Debug|Mixed Platforms.Build.0 = Debug|Any CPU
		{64847D7E-694E-48EB-8077-0095A82C24D3}.Debug|x86.ActiveCfg = Debug|Any CPU
		{64847D7E-694E-48EB-8077-0095A82C24D3}.Google|Any CPU.ActiveCfg = Google|Any CPU
		{64847D7E-694E-48EB-8077-0095A82C24D3}.Google|Any CPU.Build.0 = Google|Any CPU
		{64847D7E-694E-48EB-8077-0095A82C24D3}.Google|Mixed Platforms.ActiveCfg = Google|Any CPU
		{64847D7E-694E-48EB-8077-0095A82C24D3}.Google|Mixed Platforms.Build.0 = Google|Any CPU
		{64847D7E-694E-48EB-8077-0095A82C24D3}.Google|x86.ActiveCfg = Google|Any CPU
		{64847D7E-694E-48EB-8077-0095A82C24D3}.QA|Any CPU.ActiveCfg = QA|Any CPU
		{64847D7E-694E-48EB-8077-0095A82C24D3}.QA|Any CPU.Build.0 = QA|Any CPU
		{64847D7E-694E-48EB-8077-0095A82C24D3}.QA|Mixed Platforms.ActiveCfg = QA|Any CPU
		{64847D7E-694E-48EB-8077-0095A82C24D3}.QA|Mixed Platforms.Build.0 = QA|Any CPU
		{64847D7E-694E-48EB-8077-0095A82C24D3}.QA|x86.ActiveCfg = QA|Any CPU
		{64847D7E-694E-48EB-8077-0095A82C24D3}.Release|Any CPU.ActiveCfg = Release|Any CPU
		{64847D7E-694E-48EB-8077-0095A82C24D3}.Release|Any CPU.Build.0 = Release|Any CPU
		{64847D7E-694E-48EB-8077-0095A82C24D3}.Release|Mixed Platforms.ActiveCfg = Release|Any CPU
		{64847D7E-694E-48EB-8077-0095A82C24D3}.Release|Mixed Platforms.Build.0 = Release|Any CPU
		{64847D7E-694E-48EB-8077-0095A82C24D3}.Release|x86.ActiveCfg = Release|Any CPU
	EndGlobalSection
	GlobalSection(SolutionProperties) = preSolution
		HideSolutionNode = FALSE
	EndGlobalSection
	GlobalSection(NestedProjects) = preSolution
		{C4E544AD-AF39-4721-930E-934780AB728B} = {40A6344E-E249-48F9-9672-AC5B43F471F5}
		{0C3D31FF-D230-4ED3-80EC-EFBA9F6352A4} = {40A6344E-E249-48F9-9672-AC5B43F471F5}
		{F80D65AD-875C-4B83-8E4C-2E204759AF5D} = {40A6344E-E249-48F9-9672-AC5B43F471F5}
		{64847D7E-694E-48EB-8077-0095A82C24D3} = {40A6344E-E249-48F9-9672-AC5B43F471F5}
	EndGlobalSection
EndGlobal
